
Microsoft Visual Studio Solution File, Format Version 12.00
# Visual Studio 15
Project("{FAE04EC0-301F-11D3-BF4B-00C04F79EFBC}") = "Assembly-CSharp", "Assembly-CSharp.csproj", "{B8A18E5E-D376-73AC-74D8-07ED4CEF1FC9}"
EndProject
Project("{FAE04EC0-301F-11D3-BF4B-00C04F79EFBC}") = "Unity.RenderPipelines.HighDefinition.Config.Runtime", "Unity.RenderPipelines.HighDefinition.Config.Runtime.csproj", "{F240AD5E-63FA-1C48-9D35-18EF30743477}"
EndProject
Project("{FAE04EC0-301F-11D3-BF4B-00C04F79EFBC}") = "Assembly-CSharp-Editor", "Assembly-CSharp-Editor.csproj", "{96F8719D-8368-6C1D-3DBE-1202917A2F17}"
EndProject
Global
	GlobalSection(SolutionConfigurationPlatforms) = preSolution
		Debug|Any CPU = Debug|Any CPU
		Release|Any CPU = Release|Any CPU
	EndGlobalSection
	GlobalSection(ProjectConfigurationPlatforms) = postSolution
		{B8A18E5E-D376-73AC-74D8-07ED4CEF1FC9}.Debug|Any CPU.ActiveCfg = Debug|Any CPU
		{B8A18E5E-D376-73AC-74D8-07ED4CEF1FC9}.Debug|Any CPU.Build.0 = Debug|Any CPU
		{B8A18E5E-D376-73AC-74D8-07ED4CEF1FC9}.Release|Any CPU.ActiveCfg = Release|Any CPU
		{B8A18E5E-D376-73AC-74D8-07ED4CEF1FC9}.Release|Any CPU.Build.0 = Release|Any CPU
		{F240AD5E-63FA-1C48-9D35-18EF30743477}.Debug|Any CPU.ActiveCfg = Debug|Any CPU
		{F240AD5E-63FA-1C48-9D35-18EF30743477}.Debug|Any CPU.Build.0 = Debug|Any CPU
		{F240AD5E-63FA-1C48-9D35-18EF30743477}.Release|Any CPU.ActiveCfg = Release|Any CPU
		{F240AD5E-63FA-1C48-9D35-18EF30743477}.Release|Any CPU.Build.0 = Release|Any CPU
		{96F8719D-8368-6C1D-3DBE-1202917A2F17}.Debug|Any CPU.ActiveCfg = Debug|Any CPU
		{96F8719D-8368-6C1D-3DBE-1202917A2F17}.Debug|Any CPU.Build.0 = Debug|Any CPU
		{96F8719D-8368-6C1D-3DBE-1202917A2F17}.Release|Any CPU.ActiveCfg = Release|Any CPU
		{96F8719D-8368-6C1D-3DBE-1202917A2F17}.Release|Any CPU.Build.0 = Release|Any CPU
	EndGlobalSection
	GlobalSection(SolutionProperties) = preSolution
		HideSolutionNode = FALSE
	EndGlobalSection
EndGlobal
